
Microsoft Visual Studio Solution File, Format Version 12.00
# Visual Studio Version 17
VisualStudioVersion = 17.2.32616.157
MinimumVisualStudioVersion = 10.0.40219.1
Project("{2150E333-8FDC-42A3-9474-1A3956D46DE8}") = "src", "src", "{2B02D6FA-7806-4CEE-BB3E-3FD72DC38443}"
EndProject
Project("{9A19103F-16F7-4668-BE54-9A1E7A4F7556}") = "TweetApp.Api", "TweetApp.Api\TweetApp.Api.csproj", "{01883DDF-6EE8-4E7B-BBEB-8910E2F46BAE}"
EndProject
Global
	GlobalSection(SolutionConfigurationPlatforms) = preSolution
		Debug|Any CPU = Debug|Any CPU
		Release|Any CPU = Release|Any CPU
	EndGlobalSection
	GlobalSection(ProjectConfigurationPlatforms) = postSolution
		{01883DDF-6EE8-4E7B-BBEB-8910E2F46BAE}.Debug|Any CPU.ActiveCfg = Debug|Any CPU
		{01883DDF-6EE8-4E7B-BBEB-8910E2F46BAE}.Debug|Any CPU.Build.0 = Debug|Any CPU
		{01883DDF-6EE8-4E7B-BBEB-8910E2F46BAE}.Release|Any CPU.ActiveCfg = Release|Any CPU
		{01883DDF-6EE8-4E7B-BBEB-8910E2F46BAE}.Release|Any CPU.Build.0 = Release|Any CPU
	EndGlobalSection
	GlobalSection(SolutionProperties) = preSolution
		HideSolutionNode = FALSE
	EndGlobalSection
	GlobalSection(NestedProjects) = preSolution
		{01883DDF-6EE8-4E7B-BBEB-8910E2F46BAE} = {2B02D6FA-7806-4CEE-BB3E-3FD72DC38443}
	EndGlobalSection
	GlobalSection(ExtensibilityGlobals) = postSolution
		SolutionGuid = {DA150DF0-CF00-4A2D-B504-185E40FD0B4D}
	EndGlobalSection
EndGlobal
